
Microsoft Visual Studio Solution File, Format Version 12.00
# Visual Studio Version 17
VisualStudioVersion = 17.10.34928.147
MinimumVisualStudioVersion = 10.0.40219.1
Project("{9A19103F-16F7-4668-BE54-9A1E7A4F7556}") = "LogSearcher", "LogSearcher.csproj", "{CE0FF8E6-CD3D-496A-B713-8B935E46EB9B}"
EndProject
Global
	GlobalSection(SolutionConfigurationPlatforms) = preSolution
		Debug|Any CPU = Debug|Any CPU
		Release|Any CPU = Release|Any CPU
	EndGlobalSection
	GlobalSection(ProjectConfigurationPlatforms) = postSolution
		{CE0FF8E6-CD3D-496A-B713-8B935E46EB9B}.Debug|Any CPU.ActiveCfg = Debug|Any CPU
		{CE0FF8E6-CD3D-496A-B713-8B935E46EB9B}.Debug|Any CPU.Build.0 = Debug|Any CPU
		{CE0FF8E6-CD3D-496A-B713-8B935E46EB9B}.Release|Any CPU.ActiveCfg = Release|Any CPU
		{CE0FF8E6-CD3D-496A-B713-8B935E46EB9B}.Release|Any CPU.Build.0 = Release|Any CPU
	EndGlobalSection
	GlobalSection(SolutionProperties) = preSolution
		HideSolutionNode = FALSE
	EndGlobalSection
	GlobalSection(ExtensibilityGlobals) = postSolution
		SolutionGuid = {2CE3726B-76AD-4D61-9063-35167223BE81}
	EndGlobalSection
EndGlobal
